{
  "name": "tools",
  "version": "1.0.0",
  "lockfileVersion": 1,
  "requires": true,
  "dependencies": {
    "@burstjs/contracts": {
      "version": "0.5.1",
      "resolved": "https://registry.npmjs.org/@burstjs/contracts/-/contracts-0.5.1.tgz",
      "integrity": "sha512-Gz9Yphx3AiB1lLz44l+TpmdgjTQ1p7keT92CoJ65HRo8vWsXfX0oYVyp1KxF1rQzDHgT/Rvv0/7yTXStwKUQ+g==",
      "requires": {
        "@burstjs/util": "^0.5.1"
      }
    },
    "@burstjs/core": {
      "version": "0.5.1",
      "resolved": "https://registry.npmjs.org/@burstjs/core/-/core-0.5.1.tgz",
      "integrity": "sha512-bE9dgL/7aRB1ige0XTYMLeFYRCkl8N7zOAdWGvWoXy6iga9QEpCe3rBTe+YA1PEgUU48Knl4jAP3au0qgYw5GA==",
      "requires": {
        "@burstjs/contracts": "^0.5.1",
        "@burstjs/crypto": "^0.5.1",
        "@burstjs/http": "^0.5.1",
        "@burstjs/util": "^0.5.1"
      }
    },
    "@burstjs/crypto": {
      "version": "0.5.1",
      "resolved": "https://registry.npmjs.org/@burstjs/crypto/-/crypto-0.5.1.tgz",
      "integrity": "sha512-33h+WSRCcd3RC5AJUAYZ7kCeywBCpRYVEVorXRAMK2Njj5Rm25LCH9ESgwqh6qlgtFyeieh6b1hlXTNNR7qWYQ==",
      "requires": {
        "@types/crypto-js": "^3.1.43",
        "@types/node": "^12.0.0",
        "@types/pako": "^1.0.1",
        "@types/seedrandom": "^2.4.27",
        "crypto-js": "^3.1.9-1",
        "pako": "^1.0.10",
        "seedrandom": "^3.0.5"
      }
    },
    "@burstjs/http": {
      "version": "0.5.1",
      "resolved": "https://registry.npmjs.org/@burstjs/http/-/http-0.5.1.tgz",
      "integrity": "sha512-Rosmvi8KHIeKg3lDyd3Lc9ybAvpQp2K/J20Rxff9k8EHSRmZOTOoU/9nc82Hr2FX4aojc1bA/dm2FpnlfN/LPQ==",
      "requires": {
        "axios": "^0.19.0"
      }
    },
    "@burstjs/util": {
      "version": "0.5.1",
      "resolved": "https://registry.npmjs.org/@burstjs/util/-/util-0.5.1.tgz",
      "integrity": "sha512-40tAipzdvCF+b+UedjYKWTNQ9Hc7Y/AXBVUaZOJvxZ88Pv2ADRKtIqFkApiRuADRJ2diytZoHqB4cetmcnIclw==",
      "requires": {
        "bignumber.js": "^9.0.0",
        "js-base64": "^2.5.1"
      }
    },
    "@types/crypto-js": {
      "version": "3.1.47",
      "resolved": "https://registry.npmjs.org/@types/crypto-js/-/crypto-js-3.1.47.tgz",
      "integrity": "sha512-eI6gvpcGHLk3dAuHYnRCAjX+41gMv1nz/VP55wAe5HtmAKDOoPSfr3f6vkMc08ov1S0NsjvUBxDtHHxqQY1LGA=="
    },
    "@types/node": {
      "version": "12.12.67",
      "resolved": "https://registry.npmjs.org/@types/node/-/node-12.12.67.tgz",
      "integrity": "sha512-R48tgL2izApf+9rYNH+3RBMbRpPeW3N8f0I9HMhggeq4UXwBDqumJ14SDs4ctTMhG11pIOduZ4z3QWGOiMc9Vg=="
    },
    "@types/pako": {
      "version": "1.0.1",
      "resolved": "https://registry.npmjs.org/@types/pako/-/pako-1.0.1.tgz",
      "integrity": "sha512-GdZbRSJ3Cv5fiwT6I0SQ3ckeN2PWNqxd26W9Z2fCK1tGrrasGy4puvNFtnddqH9UJFMQYXxEuuB7B8UK+LLwSg=="
    },
    "@types/seedrandom": {
      "version": "2.4.28",
      "resolved": "https://registry.npmjs.org/@types/seedrandom/-/seedrandom-2.4.28.tgz",
      "integrity": "sha512-SMA+fUwULwK7sd/ZJicUztiPs8F1yCPwF3O23Z9uQ32ME5Ha0NmDK9+QTsYE4O2tHXChzXomSWWeIhCnoN1LqA=="
    },
    "axios": {
      "version": "0.19.2",
      "resolved": "https://registry.npmjs.org/axios/-/axios-0.19.2.tgz",
      "integrity": "sha512-fjgm5MvRHLhx+osE2xoekY70AhARk3a6hkN+3Io1jc00jtquGvxYlKlsFUhmUET0V5te6CcZI7lcv2Ym61mjHA==",
      "requires": {
        "follow-redirects": "1.5.10"
      }
    },
    "bignumber.js": {
      "version": "9.0.1",
      "resolved": "https://registry.npmjs.org/bignumber.js/-/bignumber.js-9.0.1.tgz",
      "integrity": "sha512-IdZR9mh6ahOBv/hYGiXyVuyCetmGJhtYkqLBpTStdhEGjegpPlUawydyaF3pbIOFynJTpllEs+NP+CS9jKFLjA=="
    },
    "crypto-js": {
      "version": "3.3.0",
      "resolved": "https://registry.npmjs.org/crypto-js/-/crypto-js-3.3.0.tgz",
      "integrity": "sha512-DIT51nX0dCfKltpRiXV+/TVZq+Qq2NgF4644+K7Ttnla7zEzqc+kjJyiB96BHNyUTBxyjzRcZYpUdZa+QAqi6Q=="
    },
    "debug": {
      "version": "3.1.0",
      "resolved": "https://registry.npmjs.org/debug/-/debug-3.1.0.tgz",
      "integrity": "sha512-OX8XqP7/1a9cqkxYw2yXss15f26NKWBpDXQd0/uK/KPqdQhxbPa994hnzjcE2VqQpDslf55723cKPUOGSmMY3g==",
      "requires": {
        "ms": "2.0.0"
      }
    },
    "follow-redirects": {
      "version": "1.5.10",
      "resolved": "https://registry.npmjs.org/follow-redirects/-/follow-redirects-1.5.10.tgz",
      "integrity": "sha512-0V5l4Cizzvqt5D44aTXbFZz+FtyXV1vrDN6qrelxtfYQKW0KO0W2T/hkE8xvGa/540LkZlkaUjO4ailYTFtHVQ==",
      "requires": {
        "debug": "=3.1.0"
      }
    },
    "js-base64": {
      "version": "2.6.4",
      "resolved": "https://registry.npmjs.org/js-base64/-/js-base64-2.6.4.tgz",
      "integrity": "sha512-pZe//GGmwJndub7ZghVHz7vjb2LgC1m8B07Au3eYqeqv9emhESByMXxaEgkUkEqJe87oBbSniGYoQNIBklc7IQ=="
    },
    "ms": {
      "version": "2.0.0",
      "resolved": "https://registry.npmjs.org/ms/-/ms-2.0.0.tgz",
      "integrity": "sha1-VgiurfwAvmwpAd9fmGF4jeDVl8g="
    },
    "pako": {
      "version": "1.0.11",
      "resolved": "https://registry.npmjs.org/pako/-/pako-1.0.11.tgz",
      "integrity": "sha512-4hLB8Py4zZce5s4yd9XzopqwVv/yGNhV1Bl8NTmCq1763HeK2+EwVTv+leGeL13Dnh2wfbqowVPXCIO0z4taYw=="
    },
    "seedrandom": {
      "version": "3.0.5",
      "resolved": "https://registry.npmjs.org/seedrandom/-/seedrandom-3.0.5.tgz",
      "integrity": "sha512-8OwmbklUNzwezjGInmZ+2clQmExQPvomqjL7LFqOYqtmuxRgQYqOD3mHaU+MvZn5FLUeVxVfQjwLZW/n/JFuqg=="
    }
  }
}
